Microsoft Visual Studio Solution File, Format Version 12.00
# Visual Studio Version 18
VisualStudioVersion = 18.3.11505.172 d18.3
MinimumVisualStudioVersion = 10.0.40219.1
Project("{FAE04EC0-301F-11D3-BF4B-00C04F79EFBC}") = "roku-worker-service", "..\roku-worker-service\roku-worker-service.csproj", "{DAAC47F1-5951-41BD-AC27-9466848EDFC5}"
EndProject
Global
	GlobalSection(SolutionConfigurationPlatforms) = preSolution
		Debug|Any CPU = Debug|Any CPU
		Release|Any CPU = Release|Any CPU
	EndGlobalSection
	GlobalSection(ProjectConfigurationPlatforms) = postSolution
		{DAAC47F1-5951-41BD-AC27-9466848EDFC5}.Debug|Any CPU.ActiveCfg = Debug|Any CPU
		{DAAC47F1-5951-41BD-AC27-9466848EDFC5}.Debug|Any CPU.Build.0 = Debug|Any CPU
		{DAAC47F1-5951-41BD-AC27-9466848EDFC5}.Release|Any CPU.ActiveCfg = Release|Any CPU
		{DAAC47F1-5951-41BD-AC27-9466848EDFC5}.Release|Any CPU.Build.0 = Release|Any CPU
	EndGlobalSection
	GlobalSection(SolutionProperties) = preSolution
		HideSolutionNode = FALSE
	EndGlobalSection
	GlobalSection(ExtensibilityGlobals) = postSolution
		SolutionGuid = {978365A0-5156-4A01-B435-F20A7F4D8B74}
	EndGlobalSection
EndGlobal
